
Microsoft Visual Studio Solution File, Format Version 12.00
# Visual Studio Version 17
VisualStudioVersion = 17.8.34511.84
MinimumVisualStudioVersion = 10.0.40219.1
Project("{FAE04EC0-301F-11D3-BF4B-00C04F79EFBC}") = "DatabaseConnectionTest", "DatabaseConnectionTest\DatabaseConnectionTest.csproj", "{2D27AE5F-AB5E-401C-8D2A-71EE081BDF1B}"
EndProject
Global
	GlobalSection(SolutionConfigurationPlatforms) = preSolution
		Debug|Any CPU = Debug|Any CPU
		Release|Any CPU = Release|Any CPU
	EndGlobalSection
	GlobalSection(ProjectConfigurationPlatforms) = postSolution
		{2D27AE5F-AB5E-401C-8D2A-71EE081BDF1B}.Debug|Any CPU.ActiveCfg = Debug|Any CPU
		{2D27AE5F-AB5E-401C-8D2A-71EE081BDF1B}.Debug|Any CPU.Build.0 = Debug|Any CPU
		{2D27AE5F-AB5E-401C-8D2A-71EE081BDF1B}.Release|Any CPU.ActiveCfg = Release|Any CPU
		{2D27AE5F-AB5E-401C-8D2A-71EE081BDF1B}.Release|Any CPU.Build.0 = Release|Any CPU
	EndGlobalSection
	GlobalSection(SolutionProperties) = preSolution
		HideSolutionNode = FALSE
	EndGlobalSection
	GlobalSection(ExtensibilityGlobals) = postSolution
		SolutionGuid = {16DC69CA-A9CC-488F-8934-314F2C0F68D2}
	EndGlobalSection
EndGlobal
